
Microsoft Visual Studio Solution File, Format Version 12.00
# Visual Studio Version 17
VisualStudioVersion = 17.4.33103.184
MinimumVisualStudioVersion = 10.0.40219.1
Project("{FAE04EC0-301F-11D3-BF4B-00C04F79EFBC}") = "BlazorApp", "BlazorApp\BlazorApp.csproj", "{896BCBE4-2D9A-4C7D-84DE-8D1829F0715F}"
EndProject
Global
	GlobalSection(SolutionConfigurationPlatforms) = preSolution
		Debug|Any CPU = Debug|Any CPU
		Release|Any CPU = Release|Any CPU
	EndGlobalSection
	GlobalSection(ProjectConfigurationPlatforms) = postSolution
		{896BCBE4-2D9A-4C7D-84DE-8D1829F0715F}.Debug|Any CPU.ActiveCfg = Debug|Any CPU
		{896BCBE4-2D9A-4C7D-84DE-8D1829F0715F}.Debug|Any CPU.Build.0 = Debug|Any CPU
		{896BCBE4-2D9A-4C7D-84DE-8D1829F0715F}.Release|Any CPU.ActiveCfg = Release|Any CPU
		{896BCBE4-2D9A-4C7D-84DE-8D1829F0715F}.Release|Any CPU.Build.0 = Release|Any CPU
	EndGlobalSection
	GlobalSection(SolutionProperties) = preSolution
		HideSolutionNode = FALSE
	EndGlobalSection
	GlobalSection(ExtensibilityGlobals) = postSolution
		SolutionGuid = {301C06A6-37EA-4BEA-B7AA-1C00D5829A2A}
	EndGlobalSection
EndGlobal
